// !$*UTF8*$!
{
	archiveVersion = 1;
	classes = {
	};
	objectVersion = 50;
	objects = {

/* Begin PBXBuildFile section */
		04113E30250D8F6F00EB5E51 /* AppDelegate.swift in Sources */ = {isa = PBXBuildFile; fileRef = 04113E2F250D8F6F00EB5E51 /* AppDelegate.swift */; };
		04113E32250D8F6F00EB5E51 /* SceneDelegate.swift in Sources */ = {isa = PBXBuildFile; fileRef = 04113E31250D8F6F00EB5E51 /* SceneDelegate.swift */; };
		04113E34250D8F6F00EB5E51 /* ViewController.swift in Sources */ = {isa = PBXBuildFile; fileRef = 04113E33250D8F6F00EB5E51 /* ViewController.swift */; };
		04113E37250D8F6F00EB5E51 /* Main.storyboard in Resources */ = {isa = PBXBuildFile; fileRef = 04113E35250D8F6F00EB5E51 /* Main.storyboard */; };
		04113E39250D8F7100EB5E51 /* Assets.xcassets in Resources */ = {isa = PBXBuildFile; fileRef = 04113E38250D8F7100EB5E51 /* Assets.xcassets */; };
		04113E3C250D8F7100EB5E51 /* LaunchScreen.storyboard in Resources */ = {isa = PBXBuildFile; fileRef = 04113E3A250D8F7100EB5E51 /* LaunchScreen.storyboard */; };
/* End PBXBuildFile section */

/* Begin PBXFileReference section */
		04113E2C250D8F6F00EB5E51 /* Menu.app */ = {isa = PBXFileReference; explicitFileType = wrapper.application; includeInIndex = 0; path = Menu.app; sourceTree = BUILT_PRODUCTS_DIR; };
		04113E2F250D8F6F00EB5E51 /* AppDelegate.swift */ = {isa = PBXFileReference; lastKnownFileType = sourcecode.swift; path = AppDelegate.swift; sourceTree = "<group>"; };
		04113E31250D8F6F00EB5E51 /* SceneDelegate.swift */ = {isa = PBXFileReference; lastKnownFileType = sourcecode.swift; path = SceneDelegate.swift; sourceTree = "<group>"; };
		04113E33250D8F6F00EB5E51 /* ViewController.swift */ = {isa = PBXFileReference; lastKnownFileType = sourcecode.swift; path = ViewController.swift; sourceTree = "<group>"; };
		04113E36250D8F6F00EB5E51 /* Base */ = {isa = PBXFileReference; lastKnownFileType = file.storyboard; name = Base; path = Base.lproj/Main.storyboard; sourceTree = "<group>"; };
		04113E38250D8F7100EB5E51 /* Assets.xcassets */ = {isa = PBXFileReference; lastKnownFileType = folder.assetcatalog; path = Assets.xcassets; sourceTree = "<group>"; };
		04113E3B250D8F7100EB5E51 /* Base */ = {isa = PBXFileReference; lastKnownFileType = file.storyboard; name = Base; path = Base.lproj/LaunchScreen.storyboard; sourceTree = "<group>"; };
		04113E3D250D8F7100EB5E51 /* Info.plist */ = {isa = PBXFileReference; lastKnownFileType = text.plist.xml; path = Info.plist; sourceTree = "<group>"; };
/* End PBXFileReference section */

/* Begin PBXFrameworksBuildPhase section */
		04113E29250D8F6F00EB5E51 /* Frameworks */ = {
			isa = PBXFrameworksBuildPhase;
			buildActionMask = 2147483647;
			files = (
			);
			runOnlyForDeploymentPostprocessing = 0;
		};
/* End PBXFrameworksBuildPhase section */

/* Begin PBXGroup section */
		04113E23250D8F6F00EB5E51 = {
			isa = PBXGroup;
			children = (
				04113E2E250D8F6F00EB5E51 /* Menu */,
				04113E2D250D8F6F00EB5E51 /* Products */,
			);
			sourceTree = "<group>";
		};
		04113E2D250D8F6F00EB5E51 /* Products */ = {
			isa = PBXGroup;
			children = (
				04113E2C250D8F6F00EB5E51 /* Menu.app */,
			);
			name = Products;
			sourceTree = "<group>";
		};
		04113E2E250D8F6F00EB5E51 /* Menu */ = {
			isa = PBXGroup;
			children = (
				04113E2F250D8F6F00EB5E51 /* AppDelegate.swift */,
				04113E31250D8F6F00EB5E51 /* SceneDelegate.swift */,
				04113E33250D8F6F00EB5E51 /* ViewController.swift */,
				04113E35250D8F6F00EB5E51 /* Main.storyboard */,
				04113E38250D8F7100EB5E51 /* Assets.xcassets */,
				04113E3A250D8F7100EB5E51 /* LaunchScreen.storyboard */,
				04113E3D250D8F7100EB5E51 /* Info.plist */,
			);
			path = Menu;
			sourceTree = "<group>";
		};
/* End PBXGroup section */

/* Begin PBXNativeTarget section */
		04113E2B250D8F6F00EB5E51 /* Menu */ = {
			isa = PBXNativeTarget;
			buildConfigurationList = 04113E40250D8F7100EB5E51 /* Build configuration list for PBXNativeTarget "Menu" */;
			buildPhases = (
				04113E28250D8F6F00EB5E51 /* Sources */,
				04113E29250D8F6F00EB5E51 /* Frameworks */,
				04113E2A250D8F6F00EB5E51 /* Resources */,
			);
			buildRules = (
			);
			dependencies = (
			);
			name = Menu;
			productName = Menu;
			productReference = 04113E2C250D8F6F00EB5E51 /* Menu.app */;
			productType = "com.apple.product-type.application";
		};
/* End PBXNativeTarget section */

/* Begin PBXProject section */
		04113E24250D8F6F00EB5E51 /* Project object */ = {
			isa = PBXProject;
			attributes = {
				LastSwiftUpdateCheck = 1150;
				LastUpgradeCheck = 1150;
				ORGANIZATIONNAME = "Ahmed kamal";
				TargetAttributes = {
					04113E2B250D8F6F00EB5E51 = {
						CreatedOnToolsVersion = 11.5;
					};
				};
			};
			buildConfigurationList = 04113E27250D8F6F00EB5E51 /* Build configuration list for PBXProject "Menu" */;
			compatibilityVersion = "Xcode 9.3";
			developmentRegion = en;
			hasScannedForEncodings = 0;
			knownRegions = (
				en,
				Base,
			);
			mainGroup = 04113E23250D8F6F00EB5E51;
			productRefGroup = 04113E2D250D8F6F00EB5E51 /* Products */;
			projectDirPath = "";
			projectRoot = "";
			targets = (
				04113E2B250D8F6F00EB5E51 /* Menu */,
			);
		};
/* End PBXProject section */

/* Begin PBXResourcesBuildPhase section */
		04113E2A250D8F6F00EB5E51 /* Resources */ = {
			isa = PBXResourcesBuildPhase;
			buildActionMask = 2147483647;
			files = (
				04113E3C250D8F7100EB5E51 /* LaunchScreen.storyboard in Resources */,
				04113E39250D8F7100EB5E51 /* Assets.xcassets in Resources */,
				04113E37250D8F6F00EB5E51 /* Main.storyboard in Resources */,
			);
			runOnlyForDeploymentPostprocessing = 0;
		};
/* End PBXResourcesBuildPhase section */

/* Begin PBXSourcesBuildPhase section */
		04113E28250D8F6F00EB5E51 /* Sources */ = {
			isa = PBXSourcesBuildPhase;
			buildActionMask = 2147483647;
			files = (
				04113E34250D8F6F00EB5E51 /* ViewController.swift in Sources */,
				04113E30250D8F6F00EB5E51 /* AppDelegate.swift in Sources */,
				04113E32250D8F6F00EB5E51 /* SceneDelegate.swift in Sources */,
			);
			runOnlyForDeploymentPostprocessing = 0;
		};
/* End PBXSourcesBuildPhase section */

/* Begin PBXVariantGroup section */
		04113E35250D8F6F00EB5E51 /* Main.storyboard */ = {
			isa = PBXVariantGroup;
			children = (
				04113E36250D8F6F00EB5E51 /* Base */,
			);
			name = Main.storyboard;
			sourceTree = "<group>";
		};
		04113E3A250D8F7100EB5E51 /* LaunchScreen.storyboard */ = {
			isa = PBXVariantGroup;
			children = (
				04113E3B250D8F7100EB5E51 /* Base */,
			);
			name = LaunchScreen.storyboard;
			sourceTree = "<group>";
		};
/* End PBXVariantGroup section */

/* Begin XCBuildConfiguration section */
		04113E3E250D8F7100EB5E51 /* Debug */ = {
			isa = XCBuildConfiguration;
			buildSettings = {
				ALWAYS_SEARCH_USER_PATHS = NO;
				CLANG_ANALYZER_NONNULL = YES;
				CLANG_ANALYZER_NUMBER_OBJECT_CONVERSION = YES_AGGRESSIVE;
				CLANG_CXX_LANGUAGE_STANDARD = "gnu++14";
				CLANG_CXX_LIBRARY = "libc++";
				CLANG_ENABLE_MODULES = YES;
				CLANG_ENABLE_OBJC_ARC = YES;
				CLANG_ENABLE_OBJC_WEAK = YES;
				CLANG_WARN_BLOCK_CAPTURE_AUTORELEASING = YES;
				CLANG_WARN_BOOL_CONVERSION = YES;
				CLANG_WARN_COMMA = YES;
				CLANG_WARN_CONSTANT_CONVERSION = YES;
				CLANG_WARN_DEPRECATED_OBJC_IMPLEMENTATIONS = YES;
				CLANG_WARN_DIRECT_OBJC_ISA_USAGE = YES_ERROR;
				CLANG_WARN_DOCUMENTATION_COMMENTS = YES;
				CLANG_WARN_EMPTY_BODY = YES;
				CLANG_WARN_ENUM_CONVERSION = YES;
				CLANG_WARN_INFINITE_RECURSION = YES;
				CLANG_WARN_INT_CONVERSION = YES;
				CLANG_WARN_NON_LITERAL_NULL_CONVERSION = YES;
				CLANG_WARN_OBJC_IMPLICIT_RETAIN_SELF = YES;
				CLANG_WARN_OBJC_LITERAL_CONVERSION = YES;
				CLANG_WARN_OBJC_ROOT_CLASS = YES_ERROR;
				CLANG_WARN_RANGE_LOOP_ANALYSIS = YES;
				CLANG_WARN_STRICT_PROTOTYPES = YES;
				CLANG_WARN_SUSPICIOUS_MOVE = YES;
				CLANG_WARN_UNGUARDED_AVAILABILITY = YES_AGGRESSIVE;
				CLANG_WARN_UNREACHABLE_CODE = YES;
				CLANG_WARN__DUPLICATE_METHOD_MATCH = YES;
				COPY_PHASE_STRIP = NO;
				DEBUG_INFORMATION_FORMAT = dwarf;
				ENABLE_STRICT_OBJC_MSGSEND = YES;
				ENABLE_TESTABILITY = YES;
				GCC_C_LANGUAGE_STANDARD = gnu11;
				GCC_DYNAMIC_NO_PIC = NO;
				GCC_NO_COMMON_BLOCKS = YES;
				GCC_OPTIMIZATION_LEVEL = 0;
				GCC_PREPROCESSOR_DEFINITIONS = (
					"DEBUG=1",
					"$(inherited)",
				);
				GCC_WARN_64_TO_32_BIT_CONVERSION = YES;
				GCC_WARN_ABOUT_RETURN_TYPE = YES_ERROR;
				GCC_WARN_UNDECLARED_SELECTOR = YES;
				GCC_WARN_UNINITIALIZED_AUTOS = YES_AGGRESSIVE;
				GCC_WARN_UNUSED_FUNCTION = YES;
				GCC_WARN_UNUSED_VARIABLE = YES;
				IPHONEOS_DEPLOYMENT_TARGET = 13.5;
				MTL_ENABLE_DEBUG_INFO = INCLUDE_SOURCE;
				MTL_FAST_MATH = YES;
				ONLY_ACTIVE_ARCH = YES;
				SDKROOT = iphoneos;
				SWIFT_ACTIVE_COMPILATION_CONDITIONS = DEBUG;
				SWIFT_OPTIMIZATION_LEVEL = "-Onone";
			};
			name = Debug;
		};
		04113E3F250D8F7100EB5E51 /* Release */ = {
			isa = XCBuildConfiguration;
			buildSettings = {
				ALWAYS_SEARCH_USER_PATHS = NO;
				CLANG_ANALYZER_NONNULL = YES;
				CLANG_ANALYZER_NUMBER_OBJECT_CONVERSION = YES_AGGRESSIVE;
				CLANG_CXX_LANGUAGE_STANDARD = "gnu++14";
				CLANG_CXX_LIBRARY = "libc++";
				CLANG_ENABLE_MODULES = YES;
				CLANG_ENABLE_OBJC_ARC = YES;
				CLANG_ENABLE_OBJC_WEAK = YES;
				CLANG_WARN_BLOCK_CAPTURE_AUTORELEASING = YES;
				CLANG_WARN_BOOL_CONVERSION = YES;
				CLANG_WARN_COMMA = YES;
				CLANG_WARN_CONSTANT_CONVERSION = YES;
				CLANG_WARN_DEPRECATED_OBJC_IMPLEMENTATIONS = YES;
				CLANG_WARN_DIRECT_OBJC_ISA_USAGE = YES_ERROR;
				CLANG_WARN_DOCUMENTATION_COMMENTS = YES;
				CLANG_WARN_EMPTY_BODY = YES;
				CLANG_WARN_ENUM_CONVERSION = YES;
				CLANG_WARN_INFINITE_RECURSION = YES;
				CLANG_WARN_INT_CONVERSION = YES;
				CLANG_WARN_NON_LITERAL_NULL_CONVERSION = YES;
				CLANG_WARN_OBJC_IMPLICIT_RETAIN_SELF = YES;
				CLANG_WARN_OBJC_LITERAL_CONVERSION = YES;
				CLANG_WARN_OBJC_ROOT_CLASS = YES_ERROR;
				CLANG_WARN_RANGE_LOOP_ANALYSIS = YES;
				CLANG_WARN_STRICT_PROTOTYPES = YES;
				CLANG_WARN_SUSPICIOUS_MOVE = YES;
				CLANG_WARN_UNGUARDED_AVAILABILITY = YES_AGGRESSIVE;
				CLANG_WARN_UNREACHABLE_CODE = YES;
				CLANG_WARN__DUPLICATE_METHOD_MATCH = YES;
				COPY_PHASE_STRIP = NO;
				DEBUG_INFORMATION_FORMAT = "dwarf-with-dsym";
				ENABLE_NS_ASSERTIONS = NO;
				ENABLE_STRICT_OBJC_MSGSEND = YES;
				GCC_C_LANGUAGE_STANDARD = gnu11;
				GCC_NO_COMMON_BLOCKS = YES;
				GCC_WARN_64_TO_32_BIT_CONVERSION = YES;
				GCC_WARN_ABOUT_RETURN_TYPE = YES_ERROR;
				GCC_WARN_UNDECLARED_SELECTOR = YES;
				GCC_WARN_UNINITIALIZED_AUTOS = YES_AGGRESSIVE;
				GCC_WARN_UNUSED_FUNCTION = YES;
				GCC_WARN_UNUSED_VARIABLE = YES;
				IPHONEOS_DEPLOYMENT_TARGET = 13.5;
				MTL_ENABLE_DEBUG_INFO = NO;
				MTL_FAST_MATH = YES;
				SDKROOT = iphoneos;
				SWIFT_COMPILATION_MODE = wholemodule;
				SWIFT_OPTIMIZATION_LEVEL = "-O";
				VALIDATE_PRODUCT = YES;
			};
			name = Release;
		};
		04113E41250D8F7100EB5E51 /* Debug */ = {
			isa = XCBuildConfiguration;
			buildSettings = {
				ASSETCATALOG_COMPILER_APPICON_NAME = AppIcon;
				CODE_SIGN_STYLE = Automatic;
				INFOPLIST_FILE = Menu/Info.plist;
				LD_RUNPATH_SEARCH_PATHS = (
					"$(inherited)",
					"@executable_path/Frameworks",
				);
				PRODUCT_BUNDLE_IDENTIFIER = com.Ahmedkamal.Menu;
				PRODUCT_NAME = "$(TARGET_NAME)";
				SWIFT_VERSION = 5.0;
				TARGETED_DEVICE_FAMILY = "1,2";
			};
			name = Debug;
		};
		04113E42250D8F7100EB5E51 /* Release */ = {
			isa = XCBuildConfiguration;
			buildSettings = {
				ASSETCATALOG_COMPILER_APPICON_NAME = AppIcon;
				CODE_SIGN_STYLE = Automatic;
				INFOPLIST_FILE = Menu/Info.plist;
				LD_RUNPATH_SEARCH_PATHS = (
					"$(inherited)",
					"@executable_path/Frameworks",
				);
				PRODUCT_BUNDLE_IDENTIFIER = com.Ahmedkamal.Menu;
				PRODUCT_NAME = "$(TARGET_NAME)";
				SWIFT_VERSION = 5.0;
				TARGETED_DEVICE_FAMILY = "1,2";
			};
			name = Release;
		};
/* End XCBuildConfiguration section */

/* Begin XCConfigurationList section */
		04113E27250D8F6F00EB5E51 /* Build configuration list for PBXProject "Menu" */ = {
			isa = XCConfigurationList;
			buildConfigurations = (
				04113E3E250D8F7100EB5E51 /* Debug */,
				04113E3F250D8F7100EB5E51 /* Release */,
			);
			defaultConfigurationIsVisible = 0;
			defaultConfigurationName = Release;
		};
		04113E40250D8F7100EB5E51 /* Build configuration list for PBXNativeTarget "Menu" */ = {
			isa = XCConfigurationList;
			buildConfigurations = (
				04113E41250D8F7100EB5E51 /* Debug */,
				04113E42250D8F7100EB5E51 /* Release */,
			);
			defaultConfigurationIsVisible = 0;
			defaultConfigurationName = Release;
		};
/* End XCConfigurationList section */
	};
	rootObject = 04113E24250D8F6F00EB5E51 /* Project object */;
}
